
Microsoft Visual Studio Solution File, Format Version 11.00
# Visual Studio 2010
Project("{FAE04EC0-301F-11D3-BF4B-00C04F79EFBC}") = "System.Reactive.Core", "System.Reactive.Core\System.Reactive.Core.csproj", "{AD27C5E8-8A0C-454D-B7AA-76A54793B81F}"
EndProject
Project("{FAE04EC0-301F-11D3-BF4B-00C04F79EFBC}") = "System.Reactive.Interfaces", "System.Reactive.Interfaces\System.Reactive.Interfaces.csproj", "{755E549E-1BDE-4153-A58B-7C969C902CAD}"
EndProject
Project("{FAE04EC0-301F-11D3-BF4B-00C04F79EFBC}") = "System.Reactive.Linq", "System.Reactive.Linq\System.Reactive.Linq.csproj", "{F0395470-330B-4DBF-B1A5-D873E597DD05}"
EndProject
Project("{FAE04EC0-301F-11D3-BF4B-00C04F79EFBC}") = "System.Reactive.PlatformServices", "System.Reactive.PlatformServices\System.Reactive.PlatformServices.csproj", "{AEEBFC85-91B8-410F-BBB7-BD12BBC61BE6}"
EndProject
Project("{FAE04EC0-301F-11D3-BF4B-00C04F79EFBC}") = "System.Reactive.Providers2", "System.Reactive.Providers2\System.Reactive.Providers2.csproj", "{9652D18A-CF8D-40D7-BC1D-2090E58EC1FF}"
EndProject
Project("{FAE04EC0-301F-11D3-BF4B-00C04F79EFBC}") = "System.Reactive.Tests2", "System.Reactive.Tests2\System.Reactive.Tests2.csproj", "{4D16C4BF-1C85-44FA-B93F-EC9B3E80D6D5}"
EndProject
Project("{FAE04EC0-301F-11D3-BF4B-00C04F79EFBC}") = "Mono.Reactive.Testing2", "Mono.Reactive.Testing2\Mono.Reactive.Testing2.csproj", "{25A4B33D-EE55-4F25-98A5-3148A5875247}"
EndProject
Project("{FAE04EC0-301F-11D3-BF4B-00C04F79EFBC}") = "System.Reactive.Runtime.Remoting", "System.Reactive.Runtime.Remoting\System.Reactive.Runtime.Remoting.csproj", "{E2AC419B-D2F2-4F9C-AA53-DC592C1FD7A6}"
EndProject
Project("{2150E333-8FDC-42A3-9474-1A3956D46DE8}") = "Android", "Android", "{A1FA5A4D-3F01-4230-8B41-DA56022B07E2}"
EndProject
Project("{FAE04EC0-301F-11D3-BF4B-00C04F79EFBC}") = "Android_System.Reactive.Core", "android\Android_System.Reactive.Core\Android_System.Reactive.Core.csproj", "{0565924B-A569-4ED4-B538-FEF130AEBA5A}"
EndProject
Project("{FAE04EC0-301F-11D3-BF4B-00C04F79EFBC}") = "Android_System.Reactive.Interfaces", "android\Android_System.Reactive.Interfaces\Android_System.Reactive.Interfaces.csproj", "{0FD37494-B8FD-46DB-8356-B23D2C9D34C8}"
EndProject
Project("{FAE04EC0-301F-11D3-BF4B-00C04F79EFBC}") = "Android_System.Reactive.PlatformServices", "android\Android_System.Reactive.PlatformServices\Android_System.Reactive.PlatformServices.csproj", "{43E855FE-431F-4B3E-8C7F-A6553FAF14B8}"
EndProject
Project("{FAE04EC0-301F-11D3-BF4B-00C04F79EFBC}") = "Android_System.Reactive.Linq", "android\Android_System.Reactive.Linq\Android_System.Reactive.Linq.csproj", "{3D915092-7092-4A12-BF9A-463AE4522E4C}"
EndProject
Project("{FAE04EC0-301F-11D3-BF4B-00C04F79EFBC}") = "Android_System.Reactive.Providers2", "android\Android_System.Reactive.Provider2\Android_System.Reactive.Providers2.csproj", "{E9169301-DD86-44DF-BE3F-22ABCBDA503C}"
EndProject
Project("{FAE04EC0-301F-11D3-BF4B-00C04F79EFBC}") = "Android_System.Reactive.Runtime.Remoting", "android\Android_System.Reactive.Remoting\Android_System.Reactive.Runtime.Remoting.csproj", "{67AFF305-701E-4950-939C-E896A93B33AE}"
EndProject
Project("{2150E333-8FDC-42A3-9474-1A3956D46DE8}") = "iOS", "iOS", "{8D4C4389-AC0A-4C93-836C-052C0CB83B88}"
EndProject
Project("{FAE04EC0-301F-11D3-BF4B-00C04F79EFBC}") = "iOS_System.Reactive.Interfaces", "ios\iOS_System.Reactive.Interfaces\iOS_System.Reactive.Interfaces.csproj", "{29F000B5-2979-470F-992E-06F42846E18B}"
EndProject
Project("{FAE04EC0-301F-11D3-BF4B-00C04F79EFBC}") = "iOS_System.Reactive.Core", "ios\iOS_System.Reactive.Core\iOS_System.Reactive.Core.csproj", "{7AC472A2-DA74-4D53-9B47-0A3617AFDDCE}"
EndProject
Project("{FAE04EC0-301F-11D3-BF4B-00C04F79EFBC}") = "iOS_System.Reactive.PlatformServices", "ios\iOS_System.Reactive.PlatformServices\iOS_System.Reactive.PlatformServices.csproj", "{5D771DC3-C1AC-4C58-827D-F4F148C40998}"
EndProject
Project("{FAE04EC0-301F-11D3-BF4B-00C04F79EFBC}") = "iOS_System.Reactive.Linq", "ios\iOS_System.Reactive.Linq\iOS_System.Reactive.Linq.csproj", "{4461A96C-8B04-4803-B771-AE2250A7EB9E}"
EndProject
Project("{FAE04EC0-301F-11D3-BF4B-00C04F79EFBC}") = "iOS_System.Reactive.Providers2", "ios\iOS_System.Reactive.Providers2\iOS_System.Reactive.Providers2.csproj", "{219E5F1E-9043-4B1F-8A1F-26FED0AD7527}"
EndProject
Project("{FAE04EC0-301F-11D3-BF4B-00C04F79EFBC}") = "iOS_System.Reactive.Runtime.Remoting", "ios\iOS_System.Reactive.Runtime.Remoting\iOS_System.Reactive.Runtime.Remoting.csproj", "{505C21E5-3605-490C-A6B2-4EF8F70A2563}"
EndProject
Global
	GlobalSection(SolutionConfigurationPlatforms) = preSolution
		Debug|Any CPU = Debug|Any CPU
		Release|Any CPU = Release|Any CPU
		Android|Any CPU = Android|Any CPU
		iOS|Any CPU = iOS|Any CPU
	EndGlobalSection
	GlobalSection(ProjectConfigurationPlatforms) = postSolution
		{0565924B-A569-4ED4-B538-FEF130AEBA5A}.Android|Any CPU.ActiveCfg = Debug|Any CPU
		{0565924B-A569-4ED4-B538-FEF130AEBA5A}.Android|Any CPU.Build.0 = Debug|Any CPU
		{0565924B-A569-4ED4-B538-FEF130AEBA5A}.Debug|Any CPU.ActiveCfg = Debug|Any CPU
		{0565924B-A569-4ED4-B538-FEF130AEBA5A}.Debug|Any CPU.Build.0 = Debug|Any CPU
		{0565924B-A569-4ED4-B538-FEF130AEBA5A}.iOS|Any CPU.ActiveCfg = iOS|Any CPU
		{0565924B-A569-4ED4-B538-FEF130AEBA5A}.Release|Any CPU.ActiveCfg = Release|Any CPU
		{0565924B-A569-4ED4-B538-FEF130AEBA5A}.Release|Any CPU.Build.0 = Release|Any CPU
		{0FD37494-B8FD-46DB-8356-B23D2C9D34C8}.Android|Any CPU.ActiveCfg = Debug|Any CPU
		{0FD37494-B8FD-46DB-8356-B23D2C9D34C8}.Android|Any CPU.Build.0 = Debug|Any CPU
		{0FD37494-B8FD-46DB-8356-B23D2C9D34C8}.Debug|Any CPU.ActiveCfg = Debug|Any CPU
		{0FD37494-B8FD-46DB-8356-B23D2C9D34C8}.Debug|Any CPU.Build.0 = Debug|Any CPU
		{0FD37494-B8FD-46DB-8356-B23D2C9D34C8}.iOS|Any CPU.ActiveCfg = iOS|Any CPU
		{0FD37494-B8FD-46DB-8356-B23D2C9D34C8}.Release|Any CPU.ActiveCfg = Release|Any CPU
		{0FD37494-B8FD-46DB-8356-B23D2C9D34C8}.Release|Any CPU.Build.0 = Release|Any CPU
		{219E5F1E-9043-4B1F-8A1F-26FED0AD7527}.Android|Any CPU.ActiveCfg = Debug|Any CPU
		{219E5F1E-9043-4B1F-8A1F-26FED0AD7527}.Android|Any CPU.Build.0 = Debug|Any CPU
		{219E5F1E-9043-4B1F-8A1F-26FED0AD7527}.Debug|Any CPU.ActiveCfg = Debug|Any CPU
		{219E5F1E-9043-4B1F-8A1F-26FED0AD7527}.Debug|Any CPU.Build.0 = Debug|Any CPU
		{219E5F1E-9043-4B1F-8A1F-26FED0AD7527}.iOS|Any CPU.ActiveCfg = iOS|Any CPU
		{219E5F1E-9043-4B1F-8A1F-26FED0AD7527}.iOS|Any CPU.Build.0 = iOS|Any CPU
		{219E5F1E-9043-4B1F-8A1F-26FED0AD7527}.Release|Any CPU.ActiveCfg = Release|Any CPU
		{219E5F1E-9043-4B1F-8A1F-26FED0AD7527}.Release|Any CPU.Build.0 = Release|Any CPU
		{25A4B33D-EE55-4F25-98A5-3148A5875247}.Android|Any CPU.ActiveCfg = Debug|Any CPU
		{25A4B33D-EE55-4F25-98A5-3148A5875247}.Debug|Any CPU.ActiveCfg = Debug|Any CPU
		{25A4B33D-EE55-4F25-98A5-3148A5875247}.Debug|Any CPU.Build.0 = Debug|Any CPU
		{25A4B33D-EE55-4F25-98A5-3148A5875247}.iOS|Any CPU.ActiveCfg = iOS|Any CPU
		{25A4B33D-EE55-4F25-98A5-3148A5875247}.Release|Any CPU.ActiveCfg = Release|Any CPU
		{25A4B33D-EE55-4F25-98A5-3148A5875247}.Release|Any CPU.Build.0 = Release|Any CPU
		{29F000B5-2979-470F-992E-06F42846E18B}.Android|Any CPU.ActiveCfg = Debug|Any CPU
		{29F000B5-2979-470F-992E-06F42846E18B}.Debug|Any CPU.ActiveCfg = Debug|Any CPU
		{29F000B5-2979-470F-992E-06F42846E18B}.Debug|Any CPU.Build.0 = Debug|Any CPU
		{29F000B5-2979-470F-992E-06F42846E18B}.iOS|Any CPU.ActiveCfg = iOS|Any CPU
		{29F000B5-2979-470F-992E-06F42846E18B}.iOS|Any CPU.Build.0 = iOS|Any CPU
		{29F000B5-2979-470F-992E-06F42846E18B}.Release|Any CPU.ActiveCfg = Release|Any CPU
		{29F000B5-2979-470F-992E-06F42846E18B}.Release|Any CPU.Build.0 = Release|Any CPU
		{3D915092-7092-4A12-BF9A-463AE4522E4C}.Android|Any CPU.ActiveCfg = Debug|Any CPU
		{3D915092-7092-4A12-BF9A-463AE4522E4C}.Android|Any CPU.Build.0 = Debug|Any CPU
		{3D915092-7092-4A12-BF9A-463AE4522E4C}.Debug|Any CPU.ActiveCfg = Debug|Any CPU
		{3D915092-7092-4A12-BF9A-463AE4522E4C}.Debug|Any CPU.Build.0 = Debug|Any CPU
		{3D915092-7092-4A12-BF9A-463AE4522E4C}.iOS|Any CPU.ActiveCfg = iOS|Any CPU
		{3D915092-7092-4A12-BF9A-463AE4522E4C}.Release|Any CPU.ActiveCfg = Release|Any CPU
		{3D915092-7092-4A12-BF9A-463AE4522E4C}.Release|Any CPU.Build.0 = Release|Any CPU
		{43E855FE-431F-4B3E-8C7F-A6553FAF14B8}.Android|Any CPU.ActiveCfg = Debug|Any CPU
		{43E855FE-431F-4B3E-8C7F-A6553FAF14B8}.Android|Any CPU.Build.0 = Debug|Any CPU
		{43E855FE-431F-4B3E-8C7F-A6553FAF14B8}.Debug|Any CPU.ActiveCfg = Debug|Any CPU
		{43E855FE-431F-4B3E-8C7F-A6553FAF14B8}.Debug|Any CPU.Build.0 = Debug|Any CPU
		{43E855FE-431F-4B3E-8C7F-A6553FAF14B8}.iOS|Any CPU.ActiveCfg = iOS|Any CPU
		{43E855FE-431F-4B3E-8C7F-A6553FAF14B8}.Release|Any CPU.ActiveCfg = Release|Any CPU
		{43E855FE-431F-4B3E-8C7F-A6553FAF14B8}.Release|Any CPU.Build.0 = Release|Any CPU
		{4461A96C-8B04-4803-B771-AE2250A7EB9E}.Android|Any CPU.ActiveCfg = Debug|Any CPU
		{4461A96C-8B04-4803-B771-AE2250A7EB9E}.Android|Any CPU.Build.0 = Debug|Any CPU
		{4461A96C-8B04-4803-B771-AE2250A7EB9E}.Debug|Any CPU.ActiveCfg = Debug|Any CPU
		{4461A96C-8B04-4803-B771-AE2250A7EB9E}.Debug|Any CPU.Build.0 = Debug|Any CPU
		{4461A96C-8B04-4803-B771-AE2250A7EB9E}.iOS|Any CPU.ActiveCfg = iOS|Any CPU
		{4461A96C-8B04-4803-B771-AE2250A7EB9E}.iOS|Any CPU.Build.0 = iOS|Any CPU
		{4461A96C-8B04-4803-B771-AE2250A7EB9E}.Release|Any CPU.ActiveCfg = Release|Any CPU
		{4461A96C-8B04-4803-B771-AE2250A7EB9E}.Release|Any CPU.Build.0 = Release|Any CPU
		{4D16C4BF-1C85-44FA-B93F-EC9B3E80D6D5}.Android|Any CPU.ActiveCfg = Debug|Any CPU
		{4D16C4BF-1C85-44FA-B93F-EC9B3E80D6D5}.Debug|Any CPU.ActiveCfg = Debug|Any CPU
		{4D16C4BF-1C85-44FA-B93F-EC9B3E80D6D5}.Debug|Any CPU.Build.0 = Debug|Any CPU
		{4D16C4BF-1C85-44FA-B93F-EC9B3E80D6D5}.iOS|Any CPU.ActiveCfg = iOS|Any CPU
		{4D16C4BF-1C85-44FA-B93F-EC9B3E80D6D5}.Release|Any CPU.ActiveCfg = Release|Any CPU
		{4D16C4BF-1C85-44FA-B93F-EC9B3E80D6D5}.Release|Any CPU.Build.0 = Release|Any CPU
		{505C21E5-3605-490C-A6B2-4EF8F70A2563}.Android|Any CPU.ActiveCfg = Debug|Any CPU
		{505C21E5-3605-490C-A6B2-4EF8F70A2563}.Android|Any CPU.Build.0 = Debug|Any CPU
		{505C21E5-3605-490C-A6B2-4EF8F70A2563}.Debug|Any CPU.ActiveCfg = Debug|Any CPU
		{505C21E5-3605-490C-A6B2-4EF8F70A2563}.Debug|Any CPU.Build.0 = Debug|Any CPU
		{505C21E5-3605-490C-A6B2-4EF8F70A2563}.iOS|Any CPU.ActiveCfg = iOS|Any CPU
		{505C21E5-3605-490C-A6B2-4EF8F70A2563}.iOS|Any CPU.Build.0 = iOS|Any CPU
		{505C21E5-3605-490C-A6B2-4EF8F70A2563}.Release|Any CPU.ActiveCfg = Release|Any CPU
		{505C21E5-3605-490C-A6B2-4EF8F70A2563}.Release|Any CPU.Build.0 = Release|Any CPU
		{5D771DC3-C1AC-4C58-827D-F4F148C40998}.Android|Any CPU.ActiveCfg = Debug|Any CPU
		{5D771DC3-C1AC-4C58-827D-F4F148C40998}.Android|Any CPU.Build.0 = Debug|Any CPU
		{5D771DC3-C1AC-4C58-827D-F4F148C40998}.Debug|Any CPU.ActiveCfg = Debug|Any CPU
		{5D771DC3-C1AC-4C58-827D-F4F148C40998}.Debug|Any CPU.Build.0 = Debug|Any CPU
		{5D771DC3-C1AC-4C58-827D-F4F148C40998}.iOS|Any CPU.ActiveCfg = iOS|Any CPU
		{5D771DC3-C1AC-4C58-827D-F4F148C40998}.iOS|Any CPU.Build.0 = iOS|Any CPU
		{5D771DC3-C1AC-4C58-827D-F4F148C40998}.Release|Any CPU.ActiveCfg = Release|Any CPU
		{5D771DC3-C1AC-4C58-827D-F4F148C40998}.Release|Any CPU.Build.0 = Release|Any CPU
		{67AFF305-701E-4950-939C-E896A93B33AE}.Android|Any CPU.ActiveCfg = Debug|Any CPU
		{67AFF305-701E-4950-939C-E896A93B33AE}.Android|Any CPU.Build.0 = Debug|Any CPU
		{67AFF305-701E-4950-939C-E896A93B33AE}.Debug|Any CPU.ActiveCfg = Debug|Any CPU
		{67AFF305-701E-4950-939C-E896A93B33AE}.Debug|Any CPU.Build.0 = Debug|Any CPU
		{67AFF305-701E-4950-939C-E896A93B33AE}.iOS|Any CPU.ActiveCfg = iOS|Any CPU
		{67AFF305-701E-4950-939C-E896A93B33AE}.Release|Any CPU.ActiveCfg = Release|Any CPU
		{67AFF305-701E-4950-939C-E896A93B33AE}.Release|Any CPU.Build.0 = Release|Any CPU
		{755E549E-1BDE-4153-A58B-7C969C902CAD}.Android|Any CPU.ActiveCfg = Debug|Any CPU
		{755E549E-1BDE-4153-A58B-7C969C902CAD}.Debug|Any CPU.ActiveCfg = Debug|Any CPU
		{755E549E-1BDE-4153-A58B-7C969C902CAD}.Debug|Any CPU.Build.0 = Debug|Any CPU
		{755E549E-1BDE-4153-A58B-7C969C902CAD}.iOS|Any CPU.ActiveCfg = iOS|Any CPU
		{755E549E-1BDE-4153-A58B-7C969C902CAD}.Release|Any CPU.ActiveCfg = Release|Any CPU
		{755E549E-1BDE-4153-A58B-7C969C902CAD}.Release|Any CPU.Build.0 = Release|Any CPU
		{7AC472A2-DA74-4D53-9B47-0A3617AFDDCE}.Android|Any CPU.ActiveCfg = Debug|Any CPU
		{7AC472A2-DA74-4D53-9B47-0A3617AFDDCE}.Android|Any CPU.Build.0 = Debug|Any CPU
		{7AC472A2-DA74-4D53-9B47-0A3617AFDDCE}.Debug|Any CPU.ActiveCfg = Debug|Any CPU
		{7AC472A2-DA74-4D53-9B47-0A3617AFDDCE}.Debug|Any CPU.Build.0 = Debug|Any CPU
		{7AC472A2-DA74-4D53-9B47-0A3617AFDDCE}.iOS|Any CPU.ActiveCfg = iOS|Any CPU
		{7AC472A2-DA74-4D53-9B47-0A3617AFDDCE}.iOS|Any CPU.Build.0 = iOS|Any CPU
		{7AC472A2-DA74-4D53-9B47-0A3617AFDDCE}.Release|Any CPU.ActiveCfg = Release|Any CPU
		{7AC472A2-DA74-4D53-9B47-0A3617AFDDCE}.Release|Any CPU.Build.0 = Release|Any CPU
		{9652D18A-CF8D-40D7-BC1D-2090E58EC1FF}.Android|Any CPU.ActiveCfg = Debug|Any CPU
		{9652D18A-CF8D-40D7-BC1D-2090E58EC1FF}.Debug|Any CPU.ActiveCfg = Debug|Any CPU
		{9652D18A-CF8D-40D7-BC1D-2090E58EC1FF}.Debug|Any CPU.Build.0 = Debug|Any CPU
		{9652D18A-CF8D-40D7-BC1D-2090E58EC1FF}.iOS|Any CPU.ActiveCfg = iOS|Any CPU
		{9652D18A-CF8D-40D7-BC1D-2090E58EC1FF}.Release|Any CPU.ActiveCfg = Release|Any CPU
		{9652D18A-CF8D-40D7-BC1D-2090E58EC1FF}.Release|Any CPU.Build.0 = Release|Any CPU
		{AD27C5E8-8A0C-454D-B7AA-76A54793B81F}.Android|Any CPU.ActiveCfg = Debug|Any CPU
		{AD27C5E8-8A0C-454D-B7AA-76A54793B81F}.Debug|Any CPU.ActiveCfg = Debug|Any CPU
		{AD27C5E8-8A0C-454D-B7AA-76A54793B81F}.Debug|Any CPU.Build.0 = Debug|Any CPU
		{AD27C5E8-8A0C-454D-B7AA-76A54793B81F}.iOS|Any CPU.ActiveCfg = iOS|Any CPU
		{AD27C5E8-8A0C-454D-B7AA-76A54793B81F}.Release|Any CPU.ActiveCfg = Release|Any CPU
		{AD27C5E8-8A0C-454D-B7AA-76A54793B81F}.Release|Any CPU.Build.0 = Release|Any CPU
		{AEEBFC85-91B8-410F-BBB7-BD12BBC61BE6}.Android|Any CPU.ActiveCfg = Debug|Any CPU
		{AEEBFC85-91B8-410F-BBB7-BD12BBC61BE6}.Debug|Any CPU.ActiveCfg = Debug|Any CPU
		{AEEBFC85-91B8-410F-BBB7-BD12BBC61BE6}.Debug|Any CPU.Build.0 = Debug|Any CPU
		{AEEBFC85-91B8-410F-BBB7-BD12BBC61BE6}.iOS|Any CPU.ActiveCfg = iOS|Any CPU
		{AEEBFC85-91B8-410F-BBB7-BD12BBC61BE6}.Release|Any CPU.ActiveCfg = Release|Any CPU
		{AEEBFC85-91B8-410F-BBB7-BD12BBC61BE6}.Release|Any CPU.Build.0 = Release|Any CPU
		{E2AC419B-D2F2-4F9C-AA53-DC592C1FD7A6}.Android|Any CPU.ActiveCfg = Debug|Any CPU
		{E2AC419B-D2F2-4F9C-AA53-DC592C1FD7A6}.Debug|Any CPU.ActiveCfg = Debug|Any CPU
		{E2AC419B-D2F2-4F9C-AA53-DC592C1FD7A6}.Debug|Any CPU.Build.0 = Debug|Any CPU
		{E2AC419B-D2F2-4F9C-AA53-DC592C1FD7A6}.iOS|Any CPU.ActiveCfg = iOS|Any CPU
		{E2AC419B-D2F2-4F9C-AA53-DC592C1FD7A6}.Release|Any CPU.ActiveCfg = Release|Any CPU
		{E2AC419B-D2F2-4F9C-AA53-DC592C1FD7A6}.Release|Any CPU.Build.0 = Release|Any CPU
		{E9169301-DD86-44DF-BE3F-22ABCBDA503C}.Android|Any CPU.ActiveCfg = Debug|Any CPU
		{E9169301-DD86-44DF-BE3F-22ABCBDA503C}.Android|Any CPU.Build.0 = Debug|Any CPU
		{E9169301-DD86-44DF-BE3F-22ABCBDA503C}.Debug|Any CPU.ActiveCfg = Debug|Any CPU
		{E9169301-DD86-44DF-BE3F-22ABCBDA503C}.Debug|Any CPU.Build.0 = Debug|Any CPU
		{E9169301-DD86-44DF-BE3F-22ABCBDA503C}.iOS|Any CPU.ActiveCfg = iOS|Any CPU
		{E9169301-DD86-44DF-BE3F-22ABCBDA503C}.Release|Any CPU.ActiveCfg = Release|Any CPU
		{E9169301-DD86-44DF-BE3F-22ABCBDA503C}.Release|Any CPU.Build.0 = Release|Any CPU
		{F0395470-330B-4DBF-B1A5-D873E597DD05}.Android|Any CPU.ActiveCfg = Debug|Any CPU
		{F0395470-330B-4DBF-B1A5-D873E597DD05}.Debug|Any CPU.ActiveCfg = Debug|Any CPU
		{F0395470-330B-4DBF-B1A5-D873E597DD05}.Debug|Any CPU.Build.0 = Debug|Any CPU
		{F0395470-330B-4DBF-B1A5-D873E597DD05}.iOS|Any CPU.ActiveCfg = iOS|Any CPU
		{F0395470-330B-4DBF-B1A5-D873E597DD05}.Release|Any CPU.ActiveCfg = Release|Any CPU
		{F0395470-330B-4DBF-B1A5-D873E597DD05}.Release|Any CPU.Build.0 = Release|Any CPU
		{cb6e7819-40d2-485f-ab05-61131415244b}.Android|Any CPU.ActiveCfg = Debug|Any CPU
		{cb6e7819-40d2-485f-ab05-61131415244b}.Debug|Any CPU.ActiveCfg = Debug|Any CPU
		{cb6e7819-40d2-485f-ab05-61131415244b}.Debug|Any CPU.Build.0 = Debug|Any CPU
		{cb6e7819-40d2-485f-ab05-61131415244b}.iOS|Any CPU.ActiveCfg = iOS|Any CPU
		{cb6e7819-40d2-485f-ab05-61131415244b}.iOS|Any CPU.Build.0 = iOS|Any CPU
		{cb6e7819-40d2-485f-ab05-61131415244b}.Release|Any CPU.ActiveCfg = Release|Any CPU
		{cb6e7819-40d2-485f-ab05-61131415244b}.Release|Any CPU.Build.0 = Release|Any CPU
	EndGlobalSection
	GlobalSection(NestedProjects) = preSolution
		{0565924B-A569-4ED4-B538-FEF130AEBA5A} = {A1FA5A4D-3F01-4230-8B41-DA56022B07E2}
		{0FD37494-B8FD-46DB-8356-B23D2C9D34C8} = {A1FA5A4D-3F01-4230-8B41-DA56022B07E2}
		{43E855FE-431F-4B3E-8C7F-A6553FAF14B8} = {A1FA5A4D-3F01-4230-8B41-DA56022B07E2}
		{3D915092-7092-4A12-BF9A-463AE4522E4C} = {A1FA5A4D-3F01-4230-8B41-DA56022B07E2}
		{E9169301-DD86-44DF-BE3F-22ABCBDA503C} = {A1FA5A4D-3F01-4230-8B41-DA56022B07E2}
		{67AFF305-701E-4950-939C-E896A93B33AE} = {A1FA5A4D-3F01-4230-8B41-DA56022B07E2}
		{29F000B5-2979-470F-992E-06F42846E18B} = {8D4C4389-AC0A-4C93-836C-052C0CB83B88}
		{7AC472A2-DA74-4D53-9B47-0A3617AFDDCE} = {8D4C4389-AC0A-4C93-836C-052C0CB83B88}
		{5D771DC3-C1AC-4C58-827D-F4F148C40998} = {8D4C4389-AC0A-4C93-836C-052C0CB83B88}
		{4461A96C-8B04-4803-B771-AE2250A7EB9E} = {8D4C4389-AC0A-4C93-836C-052C0CB83B88}
		{219E5F1E-9043-4B1F-8A1F-26FED0AD7527} = {8D4C4389-AC0A-4C93-836C-052C0CB83B88}
		{505C21E5-3605-490C-A6B2-4EF8F70A2563} = {8D4C4389-AC0A-4C93-836C-052C0CB83B88}
	EndGlobalSection
	GlobalSection(MonoDevelopProperties) = preSolution
		StartupItem = System.Reactive.Core\System.Reactive.Core.csproj
	EndGlobalSection
	GlobalSection(SolutionProperties) = preSolution
		HideSolutionNode = FALSE
	EndGlobalSection
EndGlobal
